// !$*UTF8*$!
{
	archiveVersion = 1;
	classes = {
	};
	objectVersion = 46;
	objects = {

/* Begin PBXBuildFile section */
		5DEBBE6B1AF2555100E836E2 /* AppDelegate.swift in Sources */ = {isa = PBXBuildFile; fileRef = 5DEBBE6A1AF2555100E836E2 /* AppDelegate.swift */; };
		5DEBBE6D1AF2555100E836E2 /* ViewController.swift in Sources */ = {isa = PBXBuildFile; fileRef = 5DEBBE6C1AF2555100E836E2 /* ViewController.swift */; };
		5DEBBE701AF2555100E836E2 /* Main.storyboard in Resources */ = {isa = PBXBuildFile; fileRef = 5DEBBE6E1AF2555100E836E2 /* Main.storyboard */; };
		5DEBBE721AF2555100E836E2 /* Images.xcassets in Resources */ = {isa = PBXBuildFile; fileRef = 5DEBBE711AF2555100E836E2 /* Images.xcassets */; };
		5DEBBE751AF2555100E836E2 /* LaunchScreen.xib in Resources */ = {isa = PBXBuildFile; fileRef = 5DEBBE731AF2555100E836E2 /* LaunchScreen.xib */; };
		5DEBBE811AF2555200E836E2 /* api_testTests.swift in Sources */ = {isa = PBXBuildFile; fileRef = 5DEBBE801AF2555200E836E2 /* api_testTests.swift */; };
/* End PBXBuildFile section */

/* Begin PBXContainerItemProxy section */
		5DEBBE7B1AF2555200E836E2 /* PBXContainerItemProxy */ = {
			isa = PBXContainerItemProxy;
			containerPortal = 5DEBBE5D1AF2555100E836E2 /* Project object */;
			proxyType = 1;
			remoteGlobalIDString = 5DEBBE641AF2555100E836E2;
			remoteInfo = "api-test";
		};
/* End PBXContainerItemProxy section */

/* Begin PBXFileReference section */
		5DEBBE651AF2555100E836E2 /* api-test.app */ = {isa = PBXFileReference; explicitFileType = wrapper.application; includeInIndex = 0; path = "api-test.app"; sourceTree = BUILT_PRODUCTS_DIR; };
		5DEBBE691AF2555100E836E2 /* Info.plist */ = {isa = PBXFileReference; lastKnownFileType = text.plist.xml; path = Info.plist; sourceTree = "<group>"; };
		5DEBBE6A1AF2555100E836E2 /* AppDelegate.swift */ = {isa = PBXFileReference; lastKnownFileType = sourcecode.swift; path = AppDelegate.swift; sourceTree = "<group>"; };
		5DEBBE6C1AF2555100E836E2 /* ViewController.swift */ = {isa = PBXFileReference; lastKnownFileType = sourcecode.swift; path = ViewController.swift; sourceTree = "<group>"; };
		5DEBBE6F1AF2555100E836E2 /* Base */ = {isa = PBXFileReference; lastKnownFileType = file.storyboard; name = Base; path = Base.lproj/Main.storyboard; sourceTree = "<group>"; };
		5DEBBE711AF2555100E836E2 /* Images.xcassets */ = {isa = PBXFileReference; lastKnownFileType = folder.assetcatalog; path = Images.xcassets; sourceTree = "<group>"; };
		5DEBBE741AF2555100E836E2 /* Base */ = {isa = PBXFileReference; lastKnownFileType = file.xib; name = Base; path = Base.lproj/LaunchScreen.xib; sourceTree = "<group>"; };
		5DEBBE7A1AF2555200E836E2 /* api-testTests.xctest */ = {isa = PBXFileReference; explicitFileType = wrapper.cfbundle; includeInIndex = 0; path = "api-testTests.xctest"; sourceTree = BUILT_PRODUCTS_DIR; };
		5DEBBE7F1AF2555200E836E2 /* Info.plist */ = {isa = PBXFileReference; lastKnownFileType = text.plist.xml; path = Info.plist; sourceTree = "<group>"; };
		5DEBBE801AF2555200E836E2 /* api_testTests.swift */ = {isa = PBXFileReference; lastKnownFileType = sourcecode.swift; path = api_testTests.swift; sourceTree = "<group>"; };
/* End PBXFileReference section */

/* Begin PBXFrameworksBuildPhase section */
		5DEBBE621AF2555100E836E2 /* Frameworks */ = {
			isa = PBXFrameworksBuildPhase;
			buildActionMask = 2147483647;
			files = (
			);
			runOnlyForDeploymentPostprocessing = 0;
		};
		5DEBBE771AF2555200E836E2 /* Frameworks */ = {
			isa = PBXFrameworksBuildPhase;
			buildActionMask = 2147483647;
			files = (
			);
			runOnlyForDeploymentPostprocessing = 0;
		};
/* End PBXFrameworksBuildPhase section */

/* Begin PBXGroup section */
		5DEBBE5C1AF2555100E836E2 = {
			isa = PBXGroup;
			children = (
				5DEBBE671AF2555100E836E2 /* api-test */,
				5DEBBE7D1AF2555200E836E2 /* api-testTests */,
				5DEBBE661AF2555100E836E2 /* Products */,
			);
			sourceTree = "<group>";
		};
		5DEBBE661AF2555100E836E2 /* Products */ = {
			isa = PBXGroup;
			children = (
				5DEBBE651AF2555100E836E2 /* api-test.app */,
				5DEBBE7A1AF2555200E836E2 /* api-testTests.xctest */,
			);
			name = Products;
			sourceTree = "<group>";
		};
		5DEBBE671AF2555100E836E2 /* api-test */ = {
			isa = PBXGroup;
			children = (
				5DEBBE6A1AF2555100E836E2 /* AppDelegate.swift */,
				5DEBBE6C1AF2555100E836E2 /* ViewController.swift */,
				5DEBBE6E1AF2555100E836E2 /* Main.storyboard */,
				5DEBBE711AF2555100E836E2 /* Images.xcassets */,
				5DEBBE731AF2555100E836E2 /* LaunchScreen.xib */,
				5DEBBE681AF2555100E836E2 /* Supporting Files */,
			);
			path = "api-test";
			sourceTree = "<group>";
		};
		5DEBBE681AF2555100E836E2 /* Supporting Files */ = {
			isa = PBXGroup;
			children = (
				5DEBBE691AF2555100E836E2 /* Info.plist */,
			);
			name = "Supporting Files";
			sourceTree = "<group>";
		};
		5DEBBE7D1AF2555200E836E2 /* api-testTests */ = {
			isa = PBXGroup;
			children = (
				5DEBBE801AF2555200E836E2 /* api_testTests.swift */,
				5DEBBE7E1AF2555200E836E2 /* Supporting Files */,
			);
			path = "api-testTests";
			sourceTree = "<group>";
		};
		5DEBBE7E1AF2555200E836E2 /* Supporting Files */ = {
			isa = PBXGroup;
			children = (
				5DEBBE7F1AF2555200E836E2 /* Info.plist */,
			);
			name = "Supporting Files";
			sourceTree = "<group>";
		};
/* End PBXGroup section */

/* Begin PBXNativeTarget section */
		5DEBBE641AF2555100E836E2 /* api-test */ = {
			isa = PBXNativeTarget;
			buildConfigurationList = 5DEBBE841AF2555200E836E2 /* Build configuration list for PBXNativeTarget "api-test" */;
			buildPhases = (
				5DEBBE611AF2555100E836E2 /* Sources */,
				5DEBBE621AF2555100E836E2 /* Frameworks */,
				5DEBBE631AF2555100E836E2 /* Resources */,
			);
			buildRules = (
			);
			dependencies = (
			);
			name = "api-test";
			productName = "api-test";
			productReference = 5DEBBE651AF2555100E836E2 /* api-test.app */;
			productType = "com.apple.product-type.application";
		};
		5DEBBE791AF2555200E836E2 /* api-testTests */ = {
			isa = PBXNativeTarget;
			buildConfigurationList = 5DEBBE871AF2555200E836E2 /* Build configuration list for PBXNativeTarget "api-testTests" */;
			buildPhases = (
				5DEBBE761AF2555200E836E2 /* Sources */,
				5DEBBE771AF2555200E836E2 /* Frameworks */,
				5DEBBE781AF2555200E836E2 /* Resources */,
			);
			buildRules = (
			);
			dependencies = (
				5DEBBE7C1AF2555200E836E2 /* PBXTargetDependency */,
			);
			name = "api-testTests";
			productName = "api-testTests";
			productReference = 5DEBBE7A1AF2555200E836E2 /* api-testTests.xctest */;
			productType = "com.apple.product-type.bundle.unit-test";
		};
/* End PBXNativeTarget section */

/* Begin PBXProject section */
		5DEBBE5D1AF2555100E836E2 /* Project object */ = {
			isa = PBXProject;
			attributes = {
				LastUpgradeCheck = 0630;
				ORGANIZATIONNAME = "Chris Fuller";
				TargetAttributes = {
					5DEBBE641AF2555100E836E2 = {
						CreatedOnToolsVersion = 6.3.1;
					};
					5DEBBE791AF2555200E836E2 = {
						CreatedOnToolsVersion = 6.3.1;
						TestTargetID = 5DEBBE641AF2555100E836E2;
					};
				};
			};
			buildConfigurationList = 5DEBBE601AF2555100E836E2 /* Build configuration list for PBXProject "api-test" */;
			compatibilityVersion = "Xcode 3.2";
			developmentRegion = English;
			hasScannedForEncodings = 0;
			knownRegions = (
				en,
				Base,
			);
			mainGroup = 5DEBBE5C1AF2555100E836E2;
			productRefGroup = 5DEBBE661AF2555100E836E2 /* Products */;
			projectDirPath = "";
			projectRoot = "";
			targets = (
				5DEBBE641AF2555100E836E2 /* api-test */,
				5DEBBE791AF2555200E836E2 /* api-testTests */,
			);
		};
/* End PBXProject section */

/* Begin PBXResourcesBuildPhase section */
		5DEBBE631AF2555100E836E2 /* Resources */ = {
			isa = PBXResourcesBuildPhase;
			buildActionMask = 2147483647;
			files = (
				5DEBBE701AF2555100E836E2 /* Main.storyboard in Resources */,
				5DEBBE751AF2555100E836E2 /* LaunchScreen.xib in Resources */,
				5DEBBE721AF2555100E836E2 /* Images.xcassets in Resources */,
			);
			runOnlyForDeploymentPostprocessing = 0;
		};
		5DEBBE781AF2555200E836E2 /* Resources */ = {
			isa = PBXResourcesBuildPhase;
			buildActionMask = 2147483647;
			files = (
			);
			runOnlyForDeploymentPostprocessing = 0;
		};
/* End PBXResourcesBuildPhase section */

/* Begin PBXSourcesBuildPhase section */
		5DEBBE611AF2555100E836E2 /* Sources */ = {
			isa = PBXSourcesBuildPhase;
			buildActionMask = 2147483647;
			files = (
				5DEBBE6D1AF2555100E836E2 /* ViewController.swift in Sources */,
				5DEBBE6B1AF2555100E836E2 /* AppDelegate.swift in Sources */,
			);
			runOnlyForDeploymentPostprocessing = 0;
		};
		5DEBBE761AF2555200E836E2 /* Sources */ = {
			isa = PBXSourcesBuildPhase;
			buildActionMask = 2147483647;
			files = (
				5DEBBE811AF2555200E836E2 /* api_testTests.swift in Sources */,
			);
			runOnlyForDeploymentPostprocessing = 0;
		};
/* End PBXSourcesBuildPhase section */

/* Begin PBXTargetDependency section */
		5DEBBE7C1AF2555200E836E2 /* PBXTargetDependency */ = {
			isa = PBXTargetDependency;
			target = 5DEBBE641AF2555100E836E2 /* api-test */;
			targetProxy = 5DEBBE7B1AF2555200E836E2 /* PBXContainerItemProxy */;
		};
/* End PBXTargetDependency section */

/* Begin PBXVariantGroup section */
		5DEBBE6E1AF2555100E836E2 /* Main.storyboard */ = {
			isa = PBXVariantGroup;
			children = (
				5DEBBE6F1AF2555100E836E2 /* Base */,
			);
			name = Main.storyboard;
			sourceTree = "<group>";
		};
		5DEBBE731AF2555100E836E2 /* LaunchScreen.xib */ = {
			isa = PBXVariantGroup;
			children = (
				5DEBBE741AF2555100E836E2 /* Base */,
			);
			name = LaunchScreen.xib;
			sourceTree = "<group>";
		};
/* End PBXVariantGroup section */

/* Begin XCBuildConfiguration section */
		5DEBBE821AF2555200E836E2 /* Debug */ = {
			isa = XCBuildConfiguration;
			buildSettings = {
				ALWAYS_SEARCH_USER_PATHS = NO;
				CLANG_CXX_LANGUAGE_STANDARD = "gnu++0x";
				CLANG_CXX_LIBRARY = "libc++";
				CLANG_ENABLE_MODULES = YES;
				CLANG_ENABLE_OBJC_ARC = YES;
				CLANG_WARN_BOOL_CONVERSION = YES;
				CLANG_WARN_CONSTANT_CONVERSION = YES;
				CLANG_WARN_DIRECT_OBJC_ISA_USAGE = YES_ERROR;
				CLANG_WARN_EMPTY_BODY = YES;
				CLANG_WARN_ENUM_CONVERSION = YES;
				CLANG_WARN_INT_CONVERSION = YES;
				CLANG_WARN_OBJC_ROOT_CLASS = YES_ERROR;
				CLANG_WARN_UNREACHABLE_CODE = YES;
				CLANG_WARN__DUPLICATE_METHOD_MATCH = YES;
				"CODE_SIGN_IDENTITY[sdk=iphoneos*]" = "iPhone Developer";
				COPY_PHASE_STRIP = NO;
				DEBUG_INFORMATION_FORMAT = "dwarf-with-dsym";
				ENABLE_STRICT_OBJC_MSGSEND = YES;
				GCC_C_LANGUAGE_STANDARD = gnu99;
				GCC_DYNAMIC_NO_PIC = NO;
				GCC_NO_COMMON_BLOCKS = YES;
				GCC_OPTIMIZATION_LEVEL = 0;
				GCC_PREPROCESSOR_DEFINITIONS = (
					"DEBUG=1",
					"$(inherited)",
				);
				GCC_SYMBOLS_PRIVATE_EXTERN = NO;
				GCC_WARN_64_TO_32_BIT_CONVERSION = YES;
				GCC_WARN_ABOUT_RETURN_TYPE = YES_ERROR;
				GCC_WARN_UNDECLARED_SELECTOR = YES;
				GCC_WARN_UNINITIALIZED_AUTOS = YES_AGGRESSIVE;
				GCC_WARN_UNUSED_FUNCTION = YES;
				GCC_WARN_UNUSED_VARIABLE = YES;
				IPHONEOS_DEPLOYMENT_TARGET = 8.3;
				MTL_ENABLE_DEBUG_INFO = YES;
				ONLY_ACTIVE_ARCH = YES;
				SDKROOT = iphoneos;
				SWIFT_OPTIMIZATION_LEVEL = "-Onone";
			};
			name = Debug;
		};
		5DEBBE831AF2555200E836E2 /* Release */ = {
			isa = XCBuildConfiguration;
			buildSettings = {
				ALWAYS_SEARCH_USER_PATHS = NO;
				CLANG_CXX_LANGUAGE_STANDARD = "gnu++0x";
				CLANG_CXX_LIBRARY = "libc++";
				CLANG_ENABLE_MODULES = YES;
				CLANG_ENABLE_OBJC_ARC = YES;
				CLANG_WARN_BOOL_CONVERSION = YES;
				CLANG_WARN_CONSTANT_CONVERSION = YES;
				CLANG_WARN_DIRECT_OBJC_ISA_USAGE = YES_ERROR;
				CLANG_WARN_EMPTY_BODY = YES;
				CLANG_WARN_ENUM_CONVERSION = YES;
				CLANG_WARN_INT_CONVERSION = YES;
				CLANG_WARN_OBJC_ROOT_CLASS = YES_ERROR;
				CLANG_WARN_UNREACHABLE_CODE = YES;
				CLANG_WARN__DUPLICATE_METHOD_MATCH = YES;
				"CODE_SIGN_IDENTITY[sdk=iphoneos*]" = "iPhone Developer";
				COPY_PHASE_STRIP = NO;
				DEBUG_INFORMATION_FORMAT = "dwarf-with-dsym";
				ENABLE_NS_ASSERTIONS = NO;
				ENABLE_STRICT_OBJC_MSGSEND = YES;
				GCC_C_LANGUAGE_STANDARD = gnu99;
				GCC_NO_COMMON_BLOCKS = YES;
				GCC_WARN_64_TO_32_BIT_CONVERSION = YES;
				GCC_WARN_ABOUT_RETURN_TYPE = YES_ERROR;
				GCC_WARN_UNDECLARED_SELECTOR = YES;
				GCC_WARN_UNINITIALIZED_AUTOS = YES_AGGRESSIVE;
				GCC_WARN_UNUSED_FUNCTION = YES;
				GCC_WARN_UNUSED_VARIABLE = YES;
				IPHONEOS_DEPLOYMENT_TARGET = 8.3;
				MTL_ENABLE_DEBUG_INFO = NO;
				SDKROOT = iphoneos;
				VALIDATE_PRODUCT = YES;
			};
			name = Release;
		};
		5DEBBE851AF2555200E836E2 /* Debug */ = {
			isa = XCBuildConfiguration;
			buildSettings = {
				ASSETCATALOG_COMPILER_APPICON_NAME = AppIcon;
				INFOPLIST_FILE = "api-test/Info.plist";
				LD_RUNPATH_SEARCH_PATHS = "$(inherited) @executable_path/Frameworks";
				PRODUCT_NAME = "$(TARGET_NAME)";
			};
			name = Debug;
		};
		5DEBBE861AF2555200E836E2 /* Release */ = {
			isa = XCBuildConfiguration;
			buildSettings = {
				ASSETCATALOG_COMPILER_APPICON_NAME = AppIcon;
				INFOPLIST_FILE = "api-test/Info.plist";
				LD_RUNPATH_SEARCH_PATHS = "$(inherited) @executable_path/Frameworks";
				PRODUCT_NAME = "$(TARGET_NAME)";
			};
			name = Release;
		};
		5DEBBE881AF2555200E836E2 /* Debug */ = {
			isa = XCBuildConfiguration;
			buildSettings = {
				BUNDLE_LOADER = "$(TEST_HOST)";
				FRAMEWORK_SEARCH_PATHS = (
					"$(SDKROOT)/Developer/Library/Frameworks",
					"$(inherited)",
				);
				GCC_PREPROCESSOR_DEFINITIONS = (
					"DEBUG=1",
					"$(inherited)",
				);
				INFOPLIST_FILE = "api-testTests/Info.plist";
				LD_RUNPATH_SEARCH_PATHS = "$(inherited) @executable_path/Frameworks @loader_path/Frameworks";
				PRODUCT_NAME = "$(TARGET_NAME)";
				TEST_HOST = "$(BUILT_PRODUCTS_DIR)/api-test.app/api-test";
			};
			name = Debug;
		};
		5DEBBE891AF2555200E836E2 /* Release */ = {
			isa = XCBuildConfiguration;
			buildSettings = {
				BUNDLE_LOADER = "$(TEST_HOST)";
				FRAMEWORK_SEARCH_PATHS = (
					"$(SDKROOT)/Developer/Library/Frameworks",
					"$(inherited)",
				);
				INFOPLIST_FILE = "api-testTests/Info.plist";
				LD_RUNPATH_SEARCH_PATHS = "$(inherited) @executable_path/Frameworks @loader_path/Frameworks";
				PRODUCT_NAME = "$(TARGET_NAME)";
				TEST_HOST = "$(BUILT_PRODUCTS_DIR)/api-test.app/api-test";
			};
			name = Release;
		};
/* End XCBuildConfiguration section */

/* Begin XCConfigurationList section */
		5DEBBE601AF2555100E836E2 /* Build configuration list for PBXProject "api-test" */ = {
			isa = XCConfigurationList;
			buildConfigurations = (
				5DEBBE821AF2555200E836E2 /* Debug */,
				5DEBBE831AF2555200E836E2 /* Release */,
			);
			defaultConfigurationIsVisible = 0;
			defaultConfigurationName = Release;
		};
		5DEBBE841AF2555200E836E2 /* Build configuration list for PBXNativeTarget "api-test" */ = {
			isa = XCConfigurationList;
			buildConfigurations = (
				5DEBBE851AF2555200E836E2 /* Debug */,
				5DEBBE861AF2555200E836E2 /* Release */,
			);
			defaultConfigurationIsVisible = 0;
		};
		5DEBBE871AF2555200E836E2 /* Build configuration list for PBXNativeTarget "api-testTests" */ = {
			isa = XCConfigurationList;
			buildConfigurations = (
				5DEBBE881AF2555200E836E2 /* Debug */,
				5DEBBE891AF2555200E836E2 /* Release */,
			);
			defaultConfigurationIsVisible = 0;
		};
/* End XCConfigurationList section */
	};
	rootObject = 5DEBBE5D1AF2555100E836E2 /* Project object */;
}
